# This file is @generated by PDM.
# It is not intended for manual editing.

[metadata]
groups = ["default", "dev"]
strategy = ["cross_platform", "inherit_metadata"]
lock_version = "4.4.1"
content_hash = "sha256:c3ebbc64cefc5f0448a9a57d5297d0411d4fe7d52ad6c781e8997b26d5f80ea5"

[[package]]
name = "cython"
version = "3.0.8"
requires_python = ">=2.7, !=3.0.*, !=3.1.*, !=3.2.*, !=3.3.*"
summary = "The Cython compiler for writing C extensions in the Python language."
groups = ["dev"]
files = [
    {file = "Cython-3.0.8-cp310-cp310-macosx_10_9_x86_64.whl", hash = "sha256:a846e0a38e2b24e9a5c5dc74b0e54c6e29420d88d1dafabc99e0fc0f3e338636"},
    {file = "Cython-3.0.8-cp310-cp310-manylinux_2_17_aarch64.manylinux2014_aarch64.whl", hash = "sha256:45523fdc2b78d79b32834cc1cc12dc2ca8967af87e22a3ee1bff20e77c7f5520"},
    {file = "Cython-3.0.8-cp310-cp310-manylinux_2_17_x86_64.manylinux2014_x86_64.whl", hash = "sha256:baa0b7f3f841fe087410cab66778e2d3fb20ae2d2078a2be3dffe66c6574be39"},
    {file = "Cython-3.0.8-cp310-cp310-manylinux_2_5_i686.manylinux1_i686.manylinux_2_17_i686.manylinux2014_i686.whl", hash = "sha256:e87294e33e40c289c77a135f491cd721bd089f193f956f7b8ed5aa2d0b8c558f"},
    {file = "Cython-3.0.8-cp310-cp310-musllinux_1_1_aarch64.whl", hash = "sha256:a1df7a129344b1215c20096d33c00193437df1a8fcca25b71f17c23b1a44f782"},
    {file = "Cython-3.0.8-cp310-cp310-musllinux_1_1_x86_64.whl", hash = "sha256:13c2a5e57a0358da467d97667297bf820b62a1a87ae47c5f87938b9bb593acbd"},
    {file = "Cython-3.0.8-cp310-cp310-win32.whl", hash = "sha256:96b028f044f5880e3cb18ecdcfc6c8d3ce9d0af28418d5ab464509f26d8adf12"},
    {file = "Cython-3.0.8-cp310-cp310-win_amd64.whl", hash = "sha256:8140597a8b5cc4f119a1190f5a2228a84f5ca6d8d9ec386cfce24663f48b2539"},
    {file = "Cython-3.0.8-cp311-cp311-macosx_10_9_x86_64.whl", hash = "sha256:aae26f9663e50caf9657148403d9874eea41770ecdd6caf381d177c2b1bb82ba"},
    {file = "Cython-3.0.8-cp311-cp311-manylinux_2_17_aarch64.manylinux2014_aarch64.whl", hash = "sha256:547eb3cdb2f8c6f48e6865d5a741d9dd051c25b3ce076fbca571727977b28ac3"},
    {file = "Cython-3.0.8-cp311-cp311-manylinux_2_17_x86_64.manylinux2014_x86_64.whl", hash = "sha256:5a567d4b9ba70b26db89d75b243529de9e649a2f56384287533cf91512705bee"},
    {file = "Cython-3.0.8-cp311-cp311-manylinux_2_5_i686.manylinux1_i686.manylinux_2_17_i686.manylinux2014_i686.whl", hash = "sha256:51d1426263b0e82fb22bda8ea60dc77a428581cc19e97741011b938445d383f1"},
    {file = "Cython-3.0.8-cp311-cp311-musllinux_1_1_aarch64.whl", hash = "sha256:c26daaeccda072459b48d211415fd1e5507c06bcd976fa0d5b8b9f1063467d7b"},
    {file = "Cython-3.0.8-cp311-cp311-musllinux_1_1_x86_64.whl", hash = "sha256:289ce7838208211cd166e975865fd73b0649bf118170b6cebaedfbdaf4a37795"},
    {file = "Cython-3.0.8-cp311-cp311-win32.whl", hash = "sha256:c8aa05f5e17f8042a3be052c24f2edc013fb8af874b0bf76907d16c51b4e7871"},
    {file = "Cython-3.0.8-cp311-cp311-win_amd64.whl", hash = "sha256:000dc9e135d0eec6ecb2b40a5b02d0868a2f8d2e027a41b0fe16a908a9e6de02"},
    {file = "Cython-3.0.8-cp312-cp312-macosx_10_9_x86_64.whl", hash = "sha256:90d3fe31db55685d8cb97d43b0ec39ef614fcf660f83c77ed06aa670cb0e164f"},
    {file = "Cython-3.0.8-cp312-cp312-manylinux_2_17_aarch64.manylinux2014_aarch64.whl", hash = "sha256:e24791ddae2324e88e3c902a765595c738f19ae34ee66bfb1a6dac54b1833419"},
    {file = "Cython-3.0.8-cp312-cp312-manylinux_2_17_x86_64.manylinux2014_x86_64.whl", hash = "sha256:2f020fa1c0552052e0660790b8153b79e3fc9a15dbd8f1d0b841fe5d204a6ae6"},
    {file = "Cython-3.0.8-cp312-cp312-manylinux_2_5_i686.manylinux1_i686.manylinux_2_17_i686.manylinux2014_i686.whl", hash = "sha256:18bfa387d7a7f77d7b2526af69a65dbd0b731b8d941aaff5becff8e21f6d7717"},
    {file = "Cython-3.0.8-cp312-cp312-musllinux_1_1_aarch64.whl", hash = "sha256:fe81b339cffd87c0069c6049b4d33e28bdd1874625ee515785bf42c9fdff3658"},
    {file = "Cython-3.0.8-cp312-cp312-musllinux_1_1_x86_64.whl", hash = "sha256:80fd94c076e1e1b1ee40a309be03080b75f413e8997cddcf401a118879863388"},
    {file = "Cython-3.0.8-cp312-cp312-win32.whl", hash = "sha256:85077915a93e359a9b920280d214dc0cf8a62773e1f3d7d30fab8ea4daed670c"},
    {file = "Cython-3.0.8-cp312-cp312-win_amd64.whl", hash = "sha256:0cb2dcc565c7851f75d496f724a384a790fab12d1b82461b663e66605bec429a"},
    {file = "Cython-3.0.8-cp38-cp38-macosx_10_9_x86_64.whl", hash = "sha256:2cde23c555470db3f149ede78b518e8274853745289c956a0e06ad8d982e4db9"},
    {file = "Cython-3.0.8-cp38-cp38-manylinux_2_17_aarch64.manylinux2014_aarch64.whl", hash = "sha256:7990ca127e1f1beedaf8fc8bf66541d066ef4723ad7d8d47a7cbf842e0f47580"},
    {file = "Cython-3.0.8-cp38-cp38-manylinux_2_17_x86_64.manylinux2014_x86_64.whl", hash = "sha256:4b983c8e6803f016146c26854d9150ddad5662960c804ea7f0c752c9266752f0"},
    {file = "Cython-3.0.8-cp38-cp38-manylinux_2_5_i686.manylinux1_i686.manylinux_2_17_i686.manylinux2014_i686.whl", hash = "sha256:a973268d7ca1a2bdf78575e459a94a78e1a0a9bb62a7db0c50041949a73b02ff"},
    {file = "Cython-3.0.8-cp38-cp38-musllinux_1_1_aarch64.whl", hash = "sha256:61a237bc9dd23c7faef0fcfce88c11c65d0c9bb73c74ccfa408b3a012073c20e"},
    {file = "Cython-3.0.8-cp38-cp38-musllinux_1_1_x86_64.whl", hash = "sha256:3a3d67f079598af49e90ff9655bf85bd358f093d727eb21ca2708f467c489cae"},
    {file = "Cython-3.0.8-cp38-cp38-win32.whl", hash = "sha256:17a642bb01a693e34c914106566f59844b4461665066613913463a719e0dd15d"},
    {file = "Cython-3.0.8-cp38-cp38-win_amd64.whl", hash = "sha256:2cdfc32252f3b6dc7c94032ab744dcedb45286733443c294d8f909a4854e7f83"},
    {file = "Cython-3.0.8-cp39-cp39-macosx_10_9_x86_64.whl", hash = "sha256:fa97893d99385386925d00074654aeae3a98867f298d1e12ceaf38a9054a9bae"},
    {file = "Cython-3.0.8-cp39-cp39-manylinux_2_17_aarch64.manylinux2014_aarch64.whl", hash = "sha256:f05c0bf9d085c031df8f583f0d506aa3be1692023de18c45d0aaf78685bbb944"},
    {file = "Cython-3.0.8-cp39-cp39-manylinux_2_17_x86_64.manylinux2014_x86_64.whl", hash = "sha256:de892422582f5758bd8de187e98ac829330ec1007bc42c661f687792999988a7"},
    {file = "Cython-3.0.8-cp39-cp39-manylinux_2_5_i686.manylinux1_i686.manylinux_2_17_i686.manylinux2014_i686.whl", hash = "sha256:314f2355a1f1d06e3c431eaad4708cf10037b5e91e4b231d89c913989d0bdafd"},
    {file = "Cython-3.0.8-cp39-cp39-musllinux_1_1_aarch64.whl", hash = "sha256:78825a3774211e7d5089730f00cdf7f473042acc9ceb8b9eeebe13ed3a5541de"},
    {file = "Cython-3.0.8-cp39-cp39-musllinux_1_1_x86_64.whl", hash = "sha256:df8093deabc55f37028190cf5e575c26aad23fc673f34b85d5f45076bc37ce39"},
    {file = "Cython-3.0.8-cp39-cp39-win32.whl", hash = "sha256:1aca1b97e0095b3a9a6c33eada3f661a4ed0d499067d121239b193e5ba3bb4f0"},
    {file = "Cython-3.0.8-cp39-cp39-win_amd64.whl", hash = "sha256:16873d78be63bd38ffb759da7ab82814b36f56c769ee02b1d5859560e4c3ac3c"},
    {file = "Cython-3.0.8-py2.py3-none-any.whl", hash = "sha256:171b27051253d3f9108e9759e504ba59ff06e7f7ba944457f94deaf9c21bf0b6"},
    {file = "Cython-3.0.8.tar.gz", hash = "sha256:8333423d8fd5765e7cceea3a9985dd1e0a5dfeb2734629e1a2ed2d6233d39de6"},
]
